// !$*UTF8*$!
{
	archiveVersion = 1;
	classes = {
	};
	objectVersion = 46;
	objects = {

/* Begin PBXBuildFile section */
		7D502A541D3556B300C912FF /* BZip2.framework in Frameworks */ = {isa = PBXBuildFile; fileRef = 7D502A501D3556B300C912FF /* BZip2.framework */; };
		7D502A551D3556B300C912FF /* OpenSSL.framework in Frameworks */ = {isa = PBXBuildFile; fileRef = 7D502A511D3556B300C912FF /* OpenSSL.framework */; };
		7D502A561D3556B300C912FF /* Python.framework in Frameworks */ = {isa = PBXBuildFile; fileRef = 7D502A521D3556B300C912FF /* Python.framework */; };
		7D502A571D3556B300C912FF /* XZ.framework in Frameworks */ = {isa = PBXBuildFile; fileRef = 7D502A531D3556B300C912FF /* XZ.framework */; };
		7D7D5D9F1D2C32D500EDF2E3 /* CodeView.swift in Sources */ = {isa = PBXBuildFile; fileRef = 7D7D5D991D2C32D500EDF2E3 /* CodeView.swift */; };
		7D7D5DA01D2C32D500EDF2E3 /* LineNumberTextView.swift in Sources */ = {isa = PBXBuildFile; fileRef = 7D7D5D9A1D2C32D500EDF2E3 /* LineNumberTextView.swift */; };
		7D7D5DA11D2C32D500EDF2E3 /* LineNumberLayoutManager.swift in Sources */ = {isa = PBXBuildFile; fileRef = 7D7D5D9B1D2C32D500EDF2E3 /* LineNumberLayoutManager.swift */; };
		7D7D5DA21D2C32D500EDF2E3 /* SyntaxHighlightColors.swift in Sources */ = {isa = PBXBuildFile; fileRef = 7D7D5D9C1D2C32D500EDF2E3 /* SyntaxHighlightColors.swift */; };
		7D7D5DA31D2C32D500EDF2E3 /* BaseTextStorage.swift in Sources */ = {isa = PBXBuildFile; fileRef = 7D7D5D9D1D2C32D500EDF2E3 /* BaseTextStorage.swift */; };
		7D7D5DA41D2C32D500EDF2E3 /* SyntaxTextStorage.swift in Sources */ = {isa = PBXBuildFile; fileRef = 7D7D5D9E1D2C32D500EDF2E3 /* SyntaxTextStorage.swift */; };
		7D7D5DA71D2C32F300EDF2E3 /* KeyboardSpacingView.swift in Sources */ = {isa = PBXBuildFile; fileRef = 7D7D5DA61D2C32F300EDF2E3 /* KeyboardSpacingView.swift */; };
		7D7D5DAB1D2C334900EDF2E3 /* UIAlertController+Window.swift in Sources */ = {isa = PBXBuildFile; fileRef = 7D7D5DA91D2C334900EDF2E3 /* UIAlertController+Window.swift */; };
		7D7D5DAC1D2C334900EDF2E3 /* AssociatedObject.swift in Sources */ = {isa = PBXBuildFile; fileRef = 7D7D5DAA1D2C334900EDF2E3 /* AssociatedObject.swift */; };
		7DCC93D01D26BEAF00E0A8F5 /* AppDelegate.swift in Sources */ = {isa = PBXBuildFile; fileRef = 7DCC93CF1D26BEAF00E0A8F5 /* AppDelegate.swift */; };
		7DCC93D21D26BEAF00E0A8F5 /* ActivityViewController.swift in Sources */ = {isa = PBXBuildFile; fileRef = 7DCC93D11D26BEAF00E0A8F5 /* ActivityViewController.swift */; };
		7DCC93D51D26BEAF00E0A8F5 /* Main.storyboard in Resources */ = {isa = PBXBuildFile; fileRef = 7DCC93D31D26BEAF00E0A8F5 /* Main.storyboard */; };
		7DCC93D71D26BEAF00E0A8F5 /* Assets.xcassets in Resources */ = {isa = PBXBuildFile; fileRef = 7DCC93D61D26BEAF00E0A8F5 /* Assets.xcassets */; };
		7DCC93DA1D26BEAF00E0A8F5 /* LaunchScreen.storyboard in Resources */ = {isa = PBXBuildFile; fileRef = 7DCC93D81D26BEAF00E0A8F5 /* LaunchScreen.storyboard */; };
		7DCC93E61D26C01E00E0A8F5 /* LICENSE in Resources */ = {isa = PBXBuildFile; fileRef = 7DCC93E51D26C01E00E0A8F5 /* LICENSE */; };
		7DCC93E91D26CFBA00E0A8F5 /* CustomProgressView.swift in Sources */ = {isa = PBXBuildFile; fileRef = 7DCC93E81D26CFBA00E0A8F5 /* CustomProgressView.swift */; };
		7DD754541D2D548C00A1411B /* even_more.py in Resources */ = {isa = PBXBuildFile; fileRef = 7DD754531D2D548C00A1411B /* even_more.py */; };
		7DD754561D2D57B300A1411B /* capture_output.py in Resources */ = {isa = PBXBuildFile; fileRef = 7DD754551D2D57B300A1411B /* capture_output.py */; };
		7DD754581D2D57E100A1411B /* more.py in Resources */ = {isa = PBXBuildFile; fileRef = 7DD754571D2D57E100A1411B /* more.py */; };
		7DD7545A1D2D580100A1411B /* less.py in Resources */ = {isa = PBXBuildFile; fileRef = 7DD754591D2D580100A1411B /* less.py */; };
		7DD7545C1D2D581D00A1411B /* even_less.py in Resources */ = {isa = PBXBuildFile; fileRef = 7DD7545B1D2D581D00A1411B /* even_less.py */; };
		7DF39F421D2C376C0099930F /* EditMacroViewController.swift in Sources */ = {isa = PBXBuildFile; fileRef = 7DF39F411D2C376C0099930F /* EditMacroViewController.swift */; };
		7DF39F4E1D2C499D0099930F /* PythonMacroEngine.swift in Sources */ = {isa = PBXBuildFile; fileRef = 7DF39F441D2C499D0099930F /* PythonMacroEngine.swift */; };
		7DF39F4F1D2C499D0099930F /* PythonCaptureOutput.swift in Sources */ = {isa = PBXBuildFile; fileRef = 7DF39F451D2C499D0099930F /* PythonCaptureOutput.swift */; };
		7DF39F501D2C499D0099930F /* PythonObject.swift in Sources */ = {isa = PBXBuildFile; fileRef = 7DF39F461D2C499D0099930F /* PythonObject.swift */; };
		7DF39F511D2C499D0099930F /* PythonScript.swift in Sources */ = {isa = PBXBuildFile; fileRef = 7DF39F471D2C499D0099930F /* PythonScript.swift */; };
		7DF39F521D2C499D0099930F /* PythonErrorMonitor.swift in Sources */ = {isa = PBXBuildFile; fileRef = 7DF39F481D2C499D0099930F /* PythonErrorMonitor.swift */; };
		7DF39F531D2C499D0099930F /* PythonScriptLocation.swift in Sources */ = {isa = PBXBuildFile; fileRef = 7DF39F491D2C499D0099930F /* PythonScriptLocation.swift */; };
		7DF39F541D2C499D0099930F /* PythonScriptDirectory.swift in Sources */ = {isa = PBXBuildFile; fileRef = 7DF39F4A1D2C499D0099930F /* PythonScriptDirectory.swift */; };
		7DF39F551D2C499D0099930F /* PythonMacro.swift in Sources */ = {isa = PBXBuildFile; fileRef = 7DF39F4B1D2C499D0099930F /* PythonMacro.swift */; };
		7DF39F561D2C499D0099930F /* PythonFunctionBridge.swift in Sources */ = {isa = PBXBuildFile; fileRef = 7DF39F4C1D2C499D0099930F /* PythonFunctionBridge.swift */; };
		7DF39F571D2C499D0099930F /* PythonFunction.swift in Sources */ = {isa = PBXBuildFile; fileRef = 7DF39F4D1D2C499D0099930F /* PythonFunction.swift */; };
		7DF39F5C1D2C49C60099930F /* ios.m in Sources */ = {isa = PBXBuildFile; fileRef = 7DF39F5A1D2C49C60099930F /* ios.m */; };
		7DF39F691D2C4D340099930F /* libz.tbd in Frameworks */ = {isa = PBXBuildFile; fileRef = 7DF39F681D2C4D340099930F /* libz.tbd */; };
		7DF39F6B1D2C4D4E0099930F /* libsqlite3.tbd in Frameworks */ = {isa = PBXBuildFile; fileRef = 7DF39F6A1D2C4D4E0099930F /* libsqlite3.tbd */; };
		7DF39F6D1D2C4EBB0099930F /* DailyProgress.swift in Sources */ = {isa = PBXBuildFile; fileRef = 7DF39F6C1D2C4EBB0099930F /* DailyProgress.swift */; };
/* End PBXBuildFile section */

/* Begin PBXFileReference section */
		7D502A501D3556B300C912FF /* BZip2.framework */ = {isa = PBXFileReference; lastKnownFileType = wrapper.framework; path = BZip2.framework; sourceTree = "<group>"; };
		7D502A511D3556B300C912FF /* OpenSSL.framework */ = {isa = PBXFileReference; lastKnownFileType = wrapper.framework; path = OpenSSL.framework; sourceTree = "<group>"; };
		7D502A521D3556B300C912FF /* Python.framework */ = {isa = PBXFileReference; lastKnownFileType = wrapper.framework; path = Python.framework; sourceTree = "<group>"; };
		7D502A531D3556B300C912FF /* XZ.framework */ = {isa = PBXFileReference; lastKnownFileType = wrapper.framework; path = XZ.framework; sourceTree = "<group>"; };
		7D7D5D991D2C32D500EDF2E3 /* CodeView.swift */ = {isa = PBXFileReference; fileEncoding = 4; lastKnownFileType = sourcecode.swift; path = CodeView.swift; sourceTree = "<group>"; };
		7D7D5D9A1D2C32D500EDF2E3 /* LineNumberTextView.swift */ = {isa = PBXFileReference; fileEncoding = 4; lastKnownFileType = sourcecode.swift; path = LineNumberTextView.swift; sourceTree = "<group>"; };
		7D7D5D9B1D2C32D500EDF2E3 /* LineNumberLayoutManager.swift */ = {isa = PBXFileReference; fileEncoding = 4; lastKnownFileType = sourcecode.swift; path = LineNumberLayoutManager.swift; sourceTree = "<group>"; };
		7D7D5D9C1D2C32D500EDF2E3 /* SyntaxHighlightColors.swift */ = {isa = PBXFileReference; fileEncoding = 4; lastKnownFileType = sourcecode.swift; path = SyntaxHighlightColors.swift; sourceTree = "<group>"; };
		7D7D5D9D1D2C32D500EDF2E3 /* BaseTextStorage.swift */ = {isa = PBXFileReference; fileEncoding = 4; lastKnownFileType = sourcecode.swift; path = BaseTextStorage.swift; sourceTree = "<group>"; };
		7D7D5D9E1D2C32D500EDF2E3 /* SyntaxTextStorage.swift */ = {isa = PBXFileReference; fileEncoding = 4; lastKnownFileType = sourcecode.swift; path = SyntaxTextStorage.swift; sourceTree = "<group>"; };
		7D7D5DA61D2C32F300EDF2E3 /* KeyboardSpacingView.swift */ = {isa = PBXFileReference; fileEncoding = 4; lastKnownFileType = sourcecode.swift; path = KeyboardSpacingView.swift; sourceTree = "<group>"; };
		7D7D5DA91D2C334900EDF2E3 /* UIAlertController+Window.swift */ = {isa = PBXFileReference; fileEncoding = 4; lastKnownFileType = sourcecode.swift; path = "UIAlertController+Window.swift"; sourceTree = "<group>"; };
		7D7D5DAA1D2C334900EDF2E3 /* AssociatedObject.swift */ = {isa = PBXFileReference; fileEncoding = 4; lastKnownFileType = sourcecode.swift; path = AssociatedObject.swift; sourceTree = "<group>"; };
		7DCC93CC1D26BEAF00E0A8F5 /* PythonMacros.app */ = {isa = PBXFileReference; explicitFileType = wrapper.application; includeInIndex = 0; path = PythonMacros.app; sourceTree = BUILT_PRODUCTS_DIR; };
		7DCC93CF1D26BEAF00E0A8F5 /* AppDelegate.swift */ = {isa = PBXFileReference; lastKnownFileType = sourcecode.swift; path = AppDelegate.swift; sourceTree = "<group>"; };
		7DCC93D11D26BEAF00E0A8F5 /* ActivityViewController.swift */ = {isa = PBXFileReference; lastKnownFileType = sourcecode.swift; path = ActivityViewController.swift; sourceTree = "<group>"; };
		7DCC93D41D26BEAF00E0A8F5 /* Base */ = {isa = PBXFileReference; lastKnownFileType = file.storyboard; name = Base; path = Base.lproj/Main.storyboard; sourceTree = "<group>"; };
		7DCC93D61D26BEAF00E0A8F5 /* Assets.xcassets */ = {isa = PBXFileReference; lastKnownFileType = folder.assetcatalog; path = Assets.xcassets; sourceTree = "<group>"; };
		7DCC93D91D26BEAF00E0A8F5 /* Base */ = {isa = PBXFileReference; lastKnownFileType = file.storyboard; name = Base; path = Base.lproj/LaunchScreen.storyboard; sourceTree = "<group>"; };
		7DCC93DB1D26BEAF00E0A8F5 /* Info.plist */ = {isa = PBXFileReference; lastKnownFileType = text.plist.xml; path = Info.plist; sourceTree = "<group>"; };
		7DCC93E31D26C00400E0A8F5 /* README.md */ = {isa = PBXFileReference; fileEncoding = 4; lastKnownFileType = net.daringfireball.markdown; path = README.md; sourceTree = "<group>"; };
		7DCC93E51D26C01E00E0A8F5 /* LICENSE */ = {isa = PBXFileReference; fileEncoding = 4; lastKnownFileType = text; path = LICENSE; sourceTree = "<group>"; };
		7DCC93E81D26CFBA00E0A8F5 /* CustomProgressView.swift */ = {isa = PBXFileReference; fileEncoding = 4; lastKnownFileType = sourcecode.swift; path = CustomProgressView.swift; sourceTree = "<group>"; };
		7DD754531D2D548C00A1411B /* even_more.py */ = {isa = PBXFileReference; fileEncoding = 4; lastKnownFileType = text.script.python; path = even_more.py; sourceTree = "<group>"; };
		7DD754551D2D57B300A1411B /* capture_output.py */ = {isa = PBXFileReference; fileEncoding = 4; lastKnownFileType = text.script.python; path = capture_output.py; sourceTree = "<group>"; };
		7DD754571D2D57E100A1411B /* more.py */ = {isa = PBXFileReference; fileEncoding = 4; lastKnownFileType = text.script.python; path = more.py; sourceTree = "<group>"; };
		7DD754591D2D580100A1411B /* less.py */ = {isa = PBXFileReference; fileEncoding = 4; lastKnownFileType = text.script.python; path = less.py; sourceTree = "<group>"; };
		7DD7545B1D2D581D00A1411B /* even_less.py */ = {isa = PBXFileReference; fileEncoding = 4; lastKnownFileType = text.script.python; path = even_less.py; sourceTree = "<group>"; };
		7DF39F411D2C376C0099930F /* EditMacroViewController.swift */ = {isa = PBXFileReference; fileEncoding = 4; lastKnownFileType = sourcecode.swift; path = EditMacroViewController.swift; sourceTree = "<group>"; };
		7DF39F441D2C499D0099930F /* PythonMacroEngine.swift */ = {isa = PBXFileReference; fileEncoding = 4; lastKnownFileType = sourcecode.swift; path = PythonMacroEngine.swift; sourceTree = "<group>"; };
		7DF39F451D2C499D0099930F /* PythonCaptureOutput.swift */ = {isa = PBXFileReference; fileEncoding = 4; lastKnownFileType = sourcecode.swift; path = PythonCaptureOutput.swift; sourceTree = "<group>"; };
		7DF39F461D2C499D0099930F /* PythonObject.swift */ = {isa = PBXFileReference; fileEncoding = 4; lastKnownFileType = sourcecode.swift; path = PythonObject.swift; sourceTree = "<group>"; };
		7DF39F471D2C499D0099930F /* PythonScript.swift */ = {isa = PBXFileReference; fileEncoding = 4; lastKnownFileType = sourcecode.swift; path = PythonScript.swift; sourceTree = "<group>"; };
		7DF39F481D2C499D0099930F /* PythonErrorMonitor.swift */ = {isa = PBXFileReference; fileEncoding = 4; lastKnownFileType = sourcecode.swift; path = PythonErrorMonitor.swift; sourceTree = "<group>"; };
		7DF39F491D2C499D0099930F /* PythonScriptLocation.swift */ = {isa = PBXFileReference; fileEncoding = 4; lastKnownFileType = sourcecode.swift; path = PythonScriptLocation.swift; sourceTree = "<group>"; };
		7DF39F4A1D2C499D0099930F /* PythonScriptDirectory.swift */ = {isa = PBXFileReference; fileEncoding = 4; lastKnownFileType = sourcecode.swift; path = PythonScriptDirectory.swift; sourceTree = "<group>"; };
		7DF39F4B1D2C499D0099930F /* PythonMacro.swift */ = {isa = PBXFileReference; fileEncoding = 4; lastKnownFileType = sourcecode.swift; path = PythonMacro.swift; sourceTree = "<group>"; };
		7DF39F4C1D2C499D0099930F /* PythonFunctionBridge.swift */ = {isa = PBXFileReference; fileEncoding = 4; lastKnownFileType = sourcecode.swift; path = PythonFunctionBridge.swift; sourceTree = "<group>"; };
		7DF39F4D1D2C499D0099930F /* PythonFunction.swift */ = {isa = PBXFileReference; fileEncoding = 4; lastKnownFileType = sourcecode.swift; path = PythonFunction.swift; sourceTree = "<group>"; };
		7DF39F591D2C49C60099930F /* PythonMacros-Bridging-Header.h */ = {isa = PBXFileReference; lastKnownFileType = sourcecode.c.h; path = "PythonMacros-Bridging-Header.h"; sourceTree = "<group>"; };
		7DF39F5A1D2C49C60099930F /* ios.m */ = {isa = PBXFileReference; fileEncoding = 4; lastKnownFileType = sourcecode.c.objc; path = ios.m; sourceTree = "<group>"; };
		7DF39F5B1D2C49C60099930F /* ios.h */ = {isa = PBXFileReference; fileEncoding = 4; lastKnownFileType = sourcecode.c.h; path = ios.h; sourceTree = "<group>"; };
		7DF39F681D2C4D340099930F /* libz.tbd */ = {isa = PBXFileReference; lastKnownFileType = "sourcecode.text-based-dylib-definition"; name = libz.tbd; path = usr/lib/libz.tbd; sourceTree = SDKROOT; };
		7DF39F6A1D2C4D4E0099930F /* libsqlite3.tbd */ = {isa = PBXFileReference; lastKnownFileType = "sourcecode.text-based-dylib-definition"; name = libsqlite3.tbd; path = usr/lib/libsqlite3.tbd; sourceTree = SDKROOT; };
		7DF39F6C1D2C4EBB0099930F /* DailyProgress.swift */ = {isa = PBXFileReference; fileEncoding = 4; lastKnownFileType = sourcecode.swift; path = DailyProgress.swift; sourceTree = "<group>"; };
/* End PBXFileReference section */

/* Begin PBXFrameworksBuildPhase section */
		7DCC93C91D26BEAF00E0A8F5 /* Frameworks */ = {
			isa = PBXFrameworksBuildPhase;
			buildActionMask = 2147483647;
			files = (
				7D502A561D3556B300C912FF /* Python.framework in Frameworks */,
				7DF39F6B1D2C4D4E0099930F /* libsqlite3.tbd in Frameworks */,
				7D502A551D3556B300C912FF /* OpenSSL.framework in Frameworks */,
				7DF39F691D2C4D340099930F /* libz.tbd in Frameworks */,
				7D502A571D3556B300C912FF /* XZ.framework in Frameworks */,
				7D502A541D3556B300C912FF /* BZip2.framework in Frameworks */,
			);
			runOnlyForDeploymentPostprocessing = 0;
		};
/* End PBXFrameworksBuildPhase section */

/* Begin PBXGroup section */
		7D7D5D981D2C32C200EDF2E3 /* CodeView */ = {
			isa = PBXGroup;
			children = (
				7D7D5D991D2C32D500EDF2E3 /* CodeView.swift */,
				7D7D5D9A1D2C32D500EDF2E3 /* LineNumberTextView.swift */,
				7D7D5D9B1D2C32D500EDF2E3 /* LineNumberLayoutManager.swift */,
				7D7D5D9C1D2C32D500EDF2E3 /* SyntaxHighlightColors.swift */,
				7D7D5D9D1D2C32D500EDF2E3 /* BaseTextStorage.swift */,
				7D7D5D9E1D2C32D500EDF2E3 /* SyntaxTextStorage.swift */,
			);
			name = CodeView;
			sourceTree = "<group>";
		};
		7D7D5DA51D2C32DE00EDF2E3 /* Keyboard */ = {
			isa = PBXGroup;
			children = (
				7D7D5DA61D2C32F300EDF2E3 /* KeyboardSpacingView.swift */,
			);
			name = Keyboard;
			sourceTree = "<group>";
		};
		7D7D5DA81D2C332B00EDF2E3 /* Utilities */ = {
			isa = PBXGroup;
			children = (
				7D7D5DA91D2C334900EDF2E3 /* UIAlertController+Window.swift */,
				7D7D5DAA1D2C334900EDF2E3 /* AssociatedObject.swift */,
			);
			name = Utilities;
			sourceTree = "<group>";
		};
		7DCC93C31D26BEAF00E0A8F5 = {
			isa = PBXGroup;
			children = (
				7DCC93E51D26C01E00E0A8F5 /* LICENSE */,
				7DCC93E31D26C00400E0A8F5 /* README.md */,
				7DCC93CE1D26BEAF00E0A8F5 /* PythonMacros */,
				7DCC93CD1D26BEAF00E0A8F5 /* Products */,
				7DF39F5F1D2C4CB60099930F /* Frameworks */,
			);
			sourceTree = "<group>";
		};
		7DCC93CD1D26BEAF00E0A8F5 /* Products */ = {
			isa = PBXGroup;
			children = (
				7DCC93CC1D26BEAF00E0A8F5 /* PythonMacros.app */,
			);
			name = Products;
			sourceTree = "<group>";
		};
		7DCC93CE1D26BEAF00E0A8F5 /* PythonMacros */ = {
			isa = PBXGroup;
			children = (
				7DD754521D2D542800A1411B /* PythonScripts */,
				7DF39F431D2C49730099930F /* PythonMacroEngine */,
				7DCC93E71D26CF6900E0A8F5 /* Activity Control */,
				7D7D5D981D2C32C200EDF2E3 /* CodeView */,
				7D7D5DA51D2C32DE00EDF2E3 /* Keyboard */,
				7D7D5DA81D2C332B00EDF2E3 /* Utilities */,
				7DF39F6C1D2C4EBB0099930F /* DailyProgress.swift */,
				7DCC93CF1D26BEAF00E0A8F5 /* AppDelegate.swift */,
				7DF39F411D2C376C0099930F /* EditMacroViewController.swift */,
				7DCC93D11D26BEAF00E0A8F5 /* ActivityViewController.swift */,
				7DCC93D31D26BEAF00E0A8F5 /* Main.storyboard */,
				7DCC93D61D26BEAF00E0A8F5 /* Assets.xcassets */,
				7DCC93D81D26BEAF00E0A8F5 /* LaunchScreen.storyboard */,
				7DCC93DB1D26BEAF00E0A8F5 /* Info.plist */,
			);
			path = PythonMacros;
			sourceTree = "<group>";
		};
		7DCC93E71D26CF6900E0A8F5 /* Activity Control */ = {
			isa = PBXGroup;
			children = (
				7DCC93E81D26CFBA00E0A8F5 /* CustomProgressView.swift */,
			);
			name = "Activity Control";
			sourceTree = "<group>";
		};
		7DD754521D2D542800A1411B /* PythonScripts */ = {
			isa = PBXGroup;
			children = (
				7DD754551D2D57B300A1411B /* capture_output.py */,
				7DD754531D2D548C00A1411B /* even_more.py */,
				7DD754571D2D57E100A1411B /* more.py */,
				7DD754591D2D580100A1411B /* less.py */,
				7DD7545B1D2D581D00A1411B /* even_less.py */,
			);
			name = PythonScripts;
			sourceTree = "<group>";
		};
		7DF39F431D2C49730099930F /* PythonMacroEngine */ = {
			isa = PBXGroup;
			children = (
				7DF39F581D2C49AC0099930F /* C Module */,
				7DF39F441D2C499D0099930F /* PythonMacroEngine.swift */,
				7DF39F451D2C499D0099930F /* PythonCaptureOutput.swift */,
				7DF39F461D2C499D0099930F /* PythonObject.swift */,
				7DF39F471D2C499D0099930F /* PythonScript.swift */,
				7DF39F481D2C499D0099930F /* PythonErrorMonitor.swift */,
				7DF39F491D2C499D0099930F /* PythonScriptLocation.swift */,
				7DF39F4A1D2C499D0099930F /* PythonScriptDirectory.swift */,
				7DF39F4B1D2C499D0099930F /* PythonMacro.swift */,
				7DF39F4C1D2C499D0099930F /* PythonFunctionBridge.swift */,
				7DF39F4D1D2C499D0099930F /* PythonFunction.swift */,
			);
			name = PythonMacroEngine;
			sourceTree = "<group>";
		};
		7DF39F581D2C49AC0099930F /* C Module */ = {
			isa = PBXGroup;
			children = (
				7DF39F5A1D2C49C60099930F /* ios.m */,
				7DF39F5B1D2C49C60099930F /* ios.h */,
				7DF39F591D2C49C60099930F /* PythonMacros-Bridging-Header.h */,
			);
			name = "C Module";
			sourceTree = "<group>";
		};
		7DF39F5F1D2C4CB60099930F /* Frameworks */ = {
			isa = PBXGroup;
			children = (
				7DF39F6A1D2C4D4E0099930F /* libsqlite3.tbd */,
				7DF39F681D2C4D340099930F /* libz.tbd */,
				7D502A501D3556B300C912FF /* BZip2.framework */,
				7D502A511D3556B300C912FF /* OpenSSL.framework */,
				7D502A521D3556B300C912FF /* Python.framework */,
				7D502A531D3556B300C912FF /* XZ.framework */,
			);
			name = Frameworks;
			sourceTree = "<group>";
		};
/* End PBXGroup section */

/* Begin PBXNativeTarget section */
		7DCC93CB1D26BEAF00E0A8F5 /* PythonMacros */ = {
			isa = PBXNativeTarget;
			buildConfigurationList = 7DCC93DE1D26BEAF00E0A8F5 /* Build configuration list for PBXNativeTarget "PythonMacros" */;
			buildPhases = (
				7DF39F5E1D2C4C0F0099930F /* Refresh Python Scripts */,
				7DCC93C81D26BEAF00E0A8F5 /* Sources */,
				7DCC93C91D26BEAF00E0A8F5 /* Frameworks */,
				7DCC93CA1D26BEAF00E0A8F5 /* Resources */,
			);
			buildRules = (
			);
			dependencies = (
			);
			name = PythonMacros;
			productName = PythonMacros;
			productReference = 7DCC93CC1D26BEAF00E0A8F5 /* PythonMacros.app */;
			productType = "com.apple.product-type.application";
		};
/* End PBXNativeTarget section */

/* Begin PBXProject section */
		7DCC93C41D26BEAF00E0A8F5 /* Project object */ = {
			isa = PBXProject;
			attributes = {
				LastSwiftUpdateCheck = 0730;
				LastUpgradeCheck = 0820;
				ORGANIZATIONNAME = "Rodger Higgins";
				TargetAttributes = {
					7DCC93CB1D26BEAF00E0A8F5 = {
						CreatedOnToolsVersion = 7.3.1;
						LastSwiftMigration = 0820;
					};
				};
			};
			buildConfigurationList = 7DCC93C71D26BEAF00E0A8F5 /* Build configuration list for PBXProject "PythonMacros" */;
			compatibilityVersion = "Xcode 3.2";
			developmentRegion = English;
			hasScannedForEncodings = 0;
			knownRegions = (
				en,
				Base,
			);
			mainGroup = 7DCC93C31D26BEAF00E0A8F5;
			productRefGroup = 7DCC93CD1D26BEAF00E0A8F5 /* Products */;
			projectDirPath = "";
			projectRoot = "";
			targets = (
				7DCC93CB1D26BEAF00E0A8F5 /* PythonMacros */,
			);
		};
/* End PBXProject section */

/* Begin PBXResourcesBuildPhase section */
		7DCC93CA1D26BEAF00E0A8F5 /* Resources */ = {
			isa = PBXResourcesBuildPhase;
			buildActionMask = 2147483647;
			files = (
				7DD754541D2D548C00A1411B /* even_more.py in Resources */,
				7DCC93DA1D26BEAF00E0A8F5 /* LaunchScreen.storyboard in Resources */,
				7DD754561D2D57B300A1411B /* capture_output.py in Resources */,
				7DD7545C1D2D581D00A1411B /* even_less.py in Resources */,
				7DCC93D71D26BEAF00E0A8F5 /* Assets.xcassets in Resources */,
				7DD754581D2D57E100A1411B /* more.py in Resources */,
				7DD7545A1D2D580100A1411B /* less.py in Resources */,
				7DCC93E61D26C01E00E0A8F5 /* LICENSE in Resources */,
				7DCC93D51D26BEAF00E0A8F5 /* Main.storyboard in Resources */,
			);
			runOnlyForDeploymentPostprocessing = 0;
		};
/* End PBXResourcesBuildPhase section */

/* Begin PBXShellScriptBuildPhase section */
		7DF39F5E1D2C4C0F0099930F /* Refresh Python Scripts */ = {
			isa = PBXShellScriptBuildPhase;
			buildActionMask = 2147483647;
			files = (
			);
			inputPaths = (
			);
			name = "Refresh Python Scripts";
			outputPaths = (
			);
			runOnlyForDeploymentPostprocessing = 0;
			shellPath = /bin/sh;
			shellScript = "mkdir -p \"$BUILT_PRODUCTS_DIR/$CONTENTS_FOLDER_PATH/Library/Python.framework/Resources\"\nmkdir -p \"$BUILT_PRODUCTS_DIR/$CONTENTS_FOLDER_PATH/Library/Application Support/com.spazsoft.ios.tutorials.PythonMacros\"\nrsync -pvtrL --exclude .hg --exclude .svn --exclude .git \"$PROJECT_DIR/Python.framework/Resources/lib\" \"$BUILT_PRODUCTS_DIR/$CONTENTS_FOLDER_PATH/Library/Python.framework/Resources\"\nrsync -pvtrL --exclude .hg --exclude .svn --exclude .git \"$PROJECT_DIR/Python.framework/Resources/include\" \"$BUILT_PRODUCTS_DIR/$CONTENTS_FOLDER_PATH/Library/Python.framework/Resources\"\nrsync -pvtrL --exclude .hg --exclude .svn --exclude .git \"$PROJECT_DIR/app\" \"$BUILT_PRODUCTS_DIR/$CONTENTS_FOLDER_PATH/Library/Application Support/com.spazsoft.ios.tutorials.PythonMacros\"\nmkdir -p \"$BUILT_PRODUCTS_DIR/$CONTENTS_FOLDER_PATH/Library/Python.framework/Resources/lib/python`readlink $PROJECT_DIR/Python.framework/Versions/Current`/site-packages/\"\n";
		};
/* End PBXShellScriptBuildPhase section */

/* Begin PBXSourcesBuildPhase section */
		7DCC93C81D26BEAF00E0A8F5 /* Sources */ = {
			isa = PBXSourcesBuildPhase;
			buildActionMask = 2147483647;
			files = (
				7D7D5DA11D2C32D500EDF2E3 /* LineNumberLayoutManager.swift in Sources */,
				7DCC93D21D26BEAF00E0A8F5 /* ActivityViewController.swift in Sources */,
				7DF39F421D2C376C0099930F /* EditMacroViewController.swift in Sources */,
				7DF39F5C1D2C49C60099930F /* ios.m in Sources */,
				7D7D5DA21D2C32D500EDF2E3 /* SyntaxHighlightColors.swift in Sources */,
				7D7D5DA41D2C32D500EDF2E3 /* SyntaxTextStorage.swift in Sources */,
				7DF39F6D1D2C4EBB0099930F /* DailyProgress.swift in Sources */,
				7D7D5DAC1D2C334900EDF2E3 /* AssociatedObject.swift in Sources */,
				7DF39F501D2C499D0099930F /* PythonObject.swift in Sources */,
				7DF39F511D2C499D0099930F /* PythonScript.swift in Sources */,
				7DCC93E91D26CFBA00E0A8F5 /* CustomProgressView.swift in Sources */,
				7D7D5DAB1D2C334900EDF2E3 /* UIAlertController+Window.swift in Sources */,
				7DF39F541D2C499D0099930F /* PythonScriptDirectory.swift in Sources */,
				7DF39F4E1D2C499D0099930F /* PythonMacroEngine.swift in Sources */,
				7D7D5DA01D2C32D500EDF2E3 /* LineNumberTextView.swift in Sources */,
				7DF39F4F1D2C499D0099930F /* PythonCaptureOutput.swift in Sources */,
				7DF39F561D2C499D0099930F /* PythonFunctionBridge.swift in Sources */,
				7DF39F551D2C499D0099930F /* PythonMacro.swift in Sources */,
				7DF39F531D2C499D0099930F /* PythonScriptLocation.swift in Sources */,
				7D7D5DA31D2C32D500EDF2E3 /* BaseTextStorage.swift in Sources */,
				7DF39F571D2C499D0099930F /* PythonFunction.swift in Sources */,
				7D7D5DA71D2C32F300EDF2E3 /* KeyboardSpacingView.swift in Sources */,
				7DF39F521D2C499D0099930F /* PythonErrorMonitor.swift in Sources */,
				7DCC93D01D26BEAF00E0A8F5 /* AppDelegate.swift in Sources */,
				7D7D5D9F1D2C32D500EDF2E3 /* CodeView.swift in Sources */,
			);
			runOnlyForDeploymentPostprocessing = 0;
		};
/* End PBXSourcesBuildPhase section */

/* Begin PBXVariantGroup section */
		7DCC93D31D26BEAF00E0A8F5 /* Main.storyboard */ = {
			isa = PBXVariantGroup;
			children = (
				7DCC93D41D26BEAF00E0A8F5 /* Base */,
			);
			name = Main.storyboard;
			sourceTree = "<group>";
		};
		7DCC93D81D26BEAF00E0A8F5 /* LaunchScreen.storyboard */ = {
			isa = PBXVariantGroup;
			children = (
				7DCC93D91D26BEAF00E0A8F5 /* Base */,
			);
			name = LaunchScreen.storyboard;
			sourceTree = "<group>";
		};
/* End PBXVariantGroup section */

/* Begin XCBuildConfiguration section */
		7DCC93DC1D26BEAF00E0A8F5 /* Debug */ = {
			isa = XCBuildConfiguration;
			buildSettings = {
				ALWAYS_SEARCH_USER_PATHS = NO;
				CLANG_ANALYZER_NONNULL = YES;
				CLANG_CXX_LANGUAGE_STANDARD = "gnu++0x";
				CLANG_CXX_LIBRARY = "libc++";
				CLANG_ENABLE_MODULES = YES;
				CLANG_ENABLE_OBJC_ARC = YES;
				CLANG_WARN_BOOL_CONVERSION = YES;
				CLANG_WARN_CONSTANT_CONVERSION = YES;
				CLANG_WARN_DIRECT_OBJC_ISA_USAGE = YES_ERROR;
				CLANG_WARN_EMPTY_BODY = YES;
				CLANG_WARN_ENUM_CONVERSION = YES;
				CLANG_WARN_INFINITE_RECURSION = YES;
				CLANG_WARN_INT_CONVERSION = YES;
				CLANG_WARN_OBJC_ROOT_CLASS = YES_ERROR;
				CLANG_WARN_SUSPICIOUS_MOVE = YES;
				CLANG_WARN_UNREACHABLE_CODE = YES;
				CLANG_WARN__DUPLICATE_METHOD_MATCH = YES;
				"CODE_SIGN_IDENTITY[sdk=iphoneos*]" = "iPhone Developer";
				COPY_PHASE_STRIP = NO;
				DEBUG_INFORMATION_FORMAT = dwarf;
				ENABLE_STRICT_OBJC_MSGSEND = YES;
				ENABLE_TESTABILITY = YES;
				GCC_C_LANGUAGE_STANDARD = gnu99;
				GCC_DYNAMIC_NO_PIC = NO;
				GCC_NO_COMMON_BLOCKS = YES;
				GCC_OPTIMIZATION_LEVEL = 0;
				GCC_PREPROCESSOR_DEFINITIONS = (
					"DEBUG=1",
					"$(inherited)",
				);
				GCC_WARN_64_TO_32_BIT_CONVERSION = YES;
				GCC_WARN_ABOUT_RETURN_TYPE = YES_ERROR;
				GCC_WARN_UNDECLARED_SELECTOR = YES;
				GCC_WARN_UNINITIALIZED_AUTOS = YES_AGGRESSIVE;
				GCC_WARN_UNUSED_FUNCTION = YES;
				GCC_WARN_UNUSED_VARIABLE = YES;
				IPHONEOS_DEPLOYMENT_TARGET = 9.3;
				MTL_ENABLE_DEBUG_INFO = YES;
				ONLY_ACTIVE_ARCH = YES;
				SDKROOT = iphoneos;
				SWIFT_OPTIMIZATION_LEVEL = "-Onone";
				TARGETED_DEVICE_FAMILY = "1,2";
			};
			name = Debug;
		};
		7DCC93DD1D26BEAF00E0A8F5 /* Release */ = {
			isa = XCBuildConfiguration;
			buildSettings = {
				ALWAYS_SEARCH_USER_PATHS = NO;
				CLANG_ANALYZER_NONNULL = YES;
				CLANG_CXX_LANGUAGE_STANDARD = "gnu++0x";
				CLANG_CXX_LIBRARY = "libc++";
				CLANG_ENABLE_MODULES = YES;
				CLANG_ENABLE_OBJC_ARC = YES;
				CLANG_WARN_BOOL_CONVERSION = YES;
				CLANG_WARN_CONSTANT_CONVERSION = YES;
				CLANG_WARN_DIRECT_OBJC_ISA_USAGE = YES_ERROR;
				CLANG_WARN_EMPTY_BODY = YES;
				CLANG_WARN_ENUM_CONVERSION = YES;
				CLANG_WARN_INFINITE_RECURSION = YES;
				CLANG_WARN_INT_CONVERSION = YES;
				CLANG_WARN_OBJC_ROOT_CLASS = YES_ERROR;
				CLANG_WARN_SUSPICIOUS_MOVE = YES;
				CLANG_WARN_UNREACHABLE_CODE = YES;
				CLANG_WARN__DUPLICATE_METHOD_MATCH = YES;
				"CODE_SIGN_IDENTITY[sdk=iphoneos*]" = "iPhone Developer";
				COPY_PHASE_STRIP = NO;
				DEBUG_INFORMATION_FORMAT = "dwarf-with-dsym";
				ENABLE_NS_ASSERTIONS = NO;
				ENABLE_STRICT_OBJC_MSGSEND = YES;
				GCC_C_LANGUAGE_STANDARD = gnu99;
				GCC_NO_COMMON_BLOCKS = YES;
				GCC_WARN_64_TO_32_BIT_CONVERSION = YES;
				GCC_WARN_ABOUT_RETURN_TYPE = YES_ERROR;
				GCC_WARN_UNDECLARED_SELECTOR = YES;
				GCC_WARN_UNINITIALIZED_AUTOS = YES_AGGRESSIVE;
				GCC_WARN_UNUSED_FUNCTION = YES;
				GCC_WARN_UNUSED_VARIABLE = YES;
				IPHONEOS_DEPLOYMENT_TARGET = 9.3;
				MTL_ENABLE_DEBUG_INFO = NO;
				SDKROOT = iphoneos;
				SWIFT_OPTIMIZATION_LEVEL = "-Owholemodule";
				TARGETED_DEVICE_FAMILY = "1,2";
				VALIDATE_PRODUCT = YES;
			};
			name = Release;
		};
		7DCC93DF1D26BEAF00E0A8F5 /* Debug */ = {
			isa = XCBuildConfiguration;
			buildSettings = {
				ASSETCATALOG_COMPILER_APPICON_NAME = AppIcon;
				CLANG_ENABLE_MODULES = YES;
				FRAMEWORK_SEARCH_PATHS = (
					"$(inherited)",
					"$(PROJECT_DIR)",
				);
				INFOPLIST_FILE = PythonMacros/Info.plist;
				LD_RUNPATH_SEARCH_PATHS = "$(inherited) @executable_path/Frameworks";
				LIBRARY_SEARCH_PATHS = (
					"$(inherited)",
					"$(PROJECT_DIR)",
				);
				PRODUCT_BUNDLE_IDENTIFIER = com.spazsoft.ios.tutorials.PythonMacros;
				PRODUCT_NAME = "$(TARGET_NAME)";
				SWIFT_OBJC_BRIDGING_HEADER = "PythonMacros/PythonMacros-Bridging-Header.h";
				SWIFT_OPTIMIZATION_LEVEL = "-Onone";
				SWIFT_VERSION = 3.0;
			};
			name = Debug;
		};
		7DCC93E01D26BEAF00E0A8F5 /* Release */ = {
			isa = XCBuildConfiguration;
			buildSettings = {
				ASSETCATALOG_COMPILER_APPICON_NAME = AppIcon;
				CLANG_ENABLE_MODULES = YES;
				FRAMEWORK_SEARCH_PATHS = (
					"$(inherited)",
					"$(PROJECT_DIR)",
				);
				INFOPLIST_FILE = PythonMacros/Info.plist;
				LD_RUNPATH_SEARCH_PATHS = "$(inherited) @executable_path/Frameworks";
				LIBRARY_SEARCH_PATHS = (
					"$(inherited)",
					"$(PROJECT_DIR)",
				);
				PRODUCT_BUNDLE_IDENTIFIER = com.spazsoft.ios.tutorials.PythonMacros;
				PRODUCT_NAME = "$(TARGET_NAME)";
				SWIFT_OBJC_BRIDGING_HEADER = "PythonMacros/PythonMacros-Bridging-Header.h";
				SWIFT_VERSION = 3.0;
			};
			name = Release;
		};
/* End XCBuildConfiguration section */

/* Begin XCConfigurationList section */
		7DCC93C71D26BEAF00E0A8F5 /* Build configuration list for PBXProject "PythonMacros" */ = {
			isa = XCConfigurationList;
			buildConfigurations = (
				7DCC93DC1D26BEAF00E0A8F5 /* Debug */,
				7DCC93DD1D26BEAF00E0A8F5 /* Release */,
			);
			defaultConfigurationIsVisible = 0;
			defaultConfigurationName = Release;
		};
		7DCC93DE1D26BEAF00E0A8F5 /* Build configuration list for PBXNativeTarget "PythonMacros" */ = {
			isa = XCConfigurationList;
			buildConfigurations = (
				7DCC93DF1D26BEAF00E0A8F5 /* Debug */,
				7DCC93E01D26BEAF00E0A8F5 /* Release */,
			);
			defaultConfigurationIsVisible = 0;
			defaultConfigurationName = Release;
		};
/* End XCConfigurationList section */
	};
	rootObject = 7DCC93C41D26BEAF00E0A8F5 /* Project object */;
}
